// !$*UTF8*$!
{
	archiveVersion = 1;
	classes = {
	};
	objectVersion = 56;
	objects = {

/* Begin PBXBuildFile section */
		12E4E6E82B6F0DF000FEAF57 /* TacticalExpenseApp.swift in Sources */ = {isa = PBXBuildFile; fileRef = 12E4E6E72B6F0DF000FEAF57 /* TacticalExpenseApp.swift */; };
		12E4E6EA2B6F0DF000FEAF57 /* TransactionScreen.swift in Sources */ = {isa = PBXBuildFile; fileRef = 12E4E6E92B6F0DF000FEAF57 /* TransactionScreen.swift */; };
		12E4E6EC2B6F0DF100FEAF57 /* Assets.xcassets in Resources */ = {isa = PBXBuildFile; fileRef = 12E4E6EB2B6F0DF100FEAF57 /* Assets.xcassets */; };
		12E4E6F02B6F0DF100FEAF57 /* Preview Assets.xcassets in Resources */ = {isa = PBXBuildFile; fileRef = 12E4E6EF2B6F0DF100FEAF57 /* Preview Assets.xcassets */; };
		12E4E6FA2B6F0DF100FEAF57 /* TacticalExpenseTests.swift in Sources */ = {isa = PBXBuildFile; fileRef = 12E4E6F92B6F0DF100FEAF57 /* TacticalExpenseTests.swift */; };
		12E4E7042B6F0DF100FEAF57 /* TacticalExpenseUITests.swift in Sources */ = {isa = PBXBuildFile; fileRef = 12E4E7032B6F0DF100FEAF57 /* TacticalExpenseUITests.swift */; };
		12E4E7062B6F0DF100FEAF57 /* TacticalExpenseUITestsLaunchTests.swift in Sources */ = {isa = PBXBuildFile; fileRef = 12E4E7052B6F0DF100FEAF57 /* TacticalExpenseUITestsLaunchTests.swift */; };
		12E4E7652B70590500FEAF57 /* Color.swift in Sources */ = {isa = PBXBuildFile; fileRef = 12E4E7642B70590500FEAF57 /* Color.swift */; };
		12E4E7692B7059EB00FEAF57 /* Transaction.swift in Sources */ = {isa = PBXBuildFile; fileRef = 12E4E7682B7059EB00FEAF57 /* Transaction.swift */; };
		12E4E76B2B705C1B00FEAF57 /* Budget.swift in Sources */ = {isa = PBXBuildFile; fileRef = 12E4E76A2B705C1B00FEAF57 /* Budget.swift */; };
		12E4E76D2B70692F00FEAF57 /* HapticsManager.swift in Sources */ = {isa = PBXBuildFile; fileRef = 12E4E76C2B70692F00FEAF57 /* HapticsManager.swift */; };
		12E4E7702B70736700FEAF57 /* AddTransactionScreen.swift in Sources */ = {isa = PBXBuildFile; fileRef = 12E4E76F2B70736700FEAF57 /* AddTransactionScreen.swift */; };
		12E4E7722B7074BD00FEAF57 /* TransactionListView.swift in Sources */ = {isa = PBXBuildFile; fileRef = 12E4E7712B7074BD00FEAF57 /* TransactionListView.swift */; };
		12E4E7742B70765300FEAF57 /* BudgetsStackView.swift in Sources */ = {isa = PBXBuildFile; fileRef = 12E4E7732B70765300FEAF57 /* BudgetsStackView.swift */; };
		12E4E7762B707F8A00FEAF57 /* TransactionSamples.swift in Sources */ = {isa = PBXBuildFile; fileRef = 12E4E7752B707F8A00FEAF57 /* TransactionSamples.swift */; };
		12E4E7792B70851400FEAF57 /* PreviewContainer.swift in Sources */ = {isa = PBXBuildFile; fileRef = 12E4E7782B70851400FEAF57 /* PreviewContainer.swift */; };
		12E4E77B2B70856500FEAF57 /* BudgetSamples.swift in Sources */ = {isa = PBXBuildFile; fileRef = 12E4E77A2B70856500FEAF57 /* BudgetSamples.swift */; };
		12E4E77D2B708B2600FEAF57 /* View+Extension.swift in Sources */ = {isa = PBXBuildFile; fileRef = 12E4E77C2B708B2600FEAF57 /* View+Extension.swift */; };
		12E4E77F2B708EBE00FEAF57 /* EditTransactionView.swift in Sources */ = {isa = PBXBuildFile; fileRef = 12E4E77E2B708EBE00FEAF57 /* EditTransactionView.swift */; };
/* End PBXBuildFile section */

/* Begin PBXContainerItemProxy section */
		12E4E6F62B6F0DF100FEAF57 /* PBXContainerItemProxy */ = {
			isa = PBXContainerItemProxy;
			containerPortal = 12E4E6DC2B6F0DF000FEAF57 /* Project object */;
			proxyType = 1;
			remoteGlobalIDString = 12E4E6E32B6F0DF000FEAF57;
			remoteInfo = TacticalExpense;
		};
		12E4E7002B6F0DF100FEAF57 /* PBXContainerItemProxy */ = {
			isa = PBXContainerItemProxy;
			containerPortal = 12E4E6DC2B6F0DF000FEAF57 /* Project object */;
			proxyType = 1;
			remoteGlobalIDString = 12E4E6E32B6F0DF000FEAF57;
			remoteInfo = TacticalExpense;
		};
/* End PBXContainerItemProxy section */

/* Begin PBXFileReference section */
		12E4E6E42B6F0DF000FEAF57 /* TacticalExpense.app */ = {isa = PBXFileReference; explicitFileType = wrapper.application; includeInIndex = 0; path = TacticalExpense.app; sourceTree = BUILT_PRODUCTS_DIR; };
		12E4E6E72B6F0DF000FEAF57 /* TacticalExpenseApp.swift */ = {isa = PBXFileReference; lastKnownFileType = sourcecode.swift; path = TacticalExpenseApp.swift; sourceTree = "<group>"; };
		12E4E6E92B6F0DF000FEAF57 /* TransactionScreen.swift */ = {isa = PBXFileReference; lastKnownFileType = sourcecode.swift; path = TransactionScreen.swift; sourceTree = "<group>"; };
		12E4E6EB2B6F0DF100FEAF57 /* Assets.xcassets */ = {isa = PBXFileReference; lastKnownFileType = folder.assetcatalog; path = Assets.xcassets; sourceTree = "<group>"; };
		12E4E6ED2B6F0DF100FEAF57 /* TacticalExpense.entitlements */ = {isa = PBXFileReference; lastKnownFileType = text.plist.entitlements; path = TacticalExpense.entitlements; sourceTree = "<group>"; };
		12E4E6EF2B6F0DF100FEAF57 /* Preview Assets.xcassets */ = {isa = PBXFileReference; lastKnownFileType = folder.assetcatalog; path = "Preview Assets.xcassets"; sourceTree = "<group>"; };
		12E4E6F52B6F0DF100FEAF57 /* TacticalExpenseTests.xctest */ = {isa = PBXFileReference; explicitFileType = wrapper.cfbundle; includeInIndex = 0; path = TacticalExpenseTests.xctest; sourceTree = BUILT_PRODUCTS_DIR; };
		12E4E6F92B6F0DF100FEAF57 /* TacticalExpenseTests.swift */ = {isa = PBXFileReference; lastKnownFileType = sourcecode.swift; path = TacticalExpenseTests.swift; sourceTree = "<group>"; };
		12E4E6FF2B6F0DF100FEAF57 /* TacticalExpenseUITests.xctest */ = {isa = PBXFileReference; explicitFileType = wrapper.cfbundle; includeInIndex = 0; path = TacticalExpenseUITests.xctest; sourceTree = BUILT_PRODUCTS_DIR; };
		12E4E7032B6F0DF100FEAF57 /* TacticalExpenseUITests.swift */ = {isa = PBXFileReference; lastKnownFileType = sourcecode.swift; path = TacticalExpenseUITests.swift; sourceTree = "<group>"; };
		12E4E7052B6F0DF100FEAF57 /* TacticalExpenseUITestsLaunchTests.swift */ = {isa = PBXFileReference; lastKnownFileType = sourcecode.swift; path = TacticalExpenseUITestsLaunchTests.swift; sourceTree = "<group>"; };
		12E4E7642B70590500FEAF57 /* Color.swift */ = {isa = PBXFileReference; lastKnownFileType = sourcecode.swift; path = Color.swift; sourceTree = "<group>"; };
		12E4E7682B7059EB00FEAF57 /* Transaction.swift */ = {isa = PBXFileReference; lastKnownFileType = sourcecode.swift; path = Transaction.swift; sourceTree = "<group>"; };
		12E4E76A2B705C1B00FEAF57 /* Budget.swift */ = {isa = PBXFileReference; lastKnownFileType = sourcecode.swift; path = Budget.swift; sourceTree = "<group>"; };
		12E4E76C2B70692F00FEAF57 /* HapticsManager.swift */ = {isa = PBXFileReference; lastKnownFileType = sourcecode.swift; path = HapticsManager.swift; sourceTree = "<group>"; };
		12E4E76F2B70736700FEAF57 /* AddTransactionScreen.swift */ = {isa = PBXFileReference; lastKnownFileType = sourcecode.swift; path = AddTransactionScreen.swift; sourceTree = "<group>"; };
		12E4E7712B7074BD00FEAF57 /* TransactionListView.swift */ = {isa = PBXFileReference; lastKnownFileType = sourcecode.swift; path = TransactionListView.swift; sourceTree = "<group>"; };
		12E4E7732B70765300FEAF57 /* BudgetsStackView.swift */ = {isa = PBXFileReference; lastKnownFileType = sourcecode.swift; path = BudgetsStackView.swift; sourceTree = "<group>"; };
		12E4E7752B707F8A00FEAF57 /* TransactionSamples.swift */ = {isa = PBXFileReference; lastKnownFileType = sourcecode.swift; path = TransactionSamples.swift; sourceTree = "<group>"; };
		12E4E7782B70851400FEAF57 /* PreviewContainer.swift */ = {isa = PBXFileReference; lastKnownFileType = sourcecode.swift; path = PreviewContainer.swift; sourceTree = "<group>"; };
		12E4E77A2B70856500FEAF57 /* BudgetSamples.swift */ = {isa = PBXFileReference; lastKnownFileType = sourcecode.swift; path = BudgetSamples.swift; sourceTree = "<group>"; };
		12E4E77C2B708B2600FEAF57 /* View+Extension.swift */ = {isa = PBXFileReference; lastKnownFileType = sourcecode.swift; path = "View+Extension.swift"; sourceTree = "<group>"; };
		12E4E77E2B708EBE00FEAF57 /* EditTransactionView.swift */ = {isa = PBXFileReference; lastKnownFileType = sourcecode.swift; path = EditTransactionView.swift; sourceTree = "<group>"; };
/* End PBXFileReference section */

/* Begin PBXFrameworksBuildPhase section */
		12E4E6E12B6F0DF000FEAF57 /* Frameworks */ = {
			isa = PBXFrameworksBuildPhase;
			buildActionMask = 2147483647;
			files = (
			);
			runOnlyForDeploymentPostprocessing = 0;
		};
		12E4E6F22B6F0DF100FEAF57 /* Frameworks */ = {
			isa = PBXFrameworksBuildPhase;
			buildActionMask = 2147483647;
			files = (
			);
			runOnlyForDeploymentPostprocessing = 0;
		};
		12E4E6FC2B6F0DF100FEAF57 /* Frameworks */ = {
			isa = PBXFrameworksBuildPhase;
			buildActionMask = 2147483647;
			files = (
			);
			runOnlyForDeploymentPostprocessing = 0;
		};
/* End PBXFrameworksBuildPhase section */

/* Begin PBXGroup section */
		12E4E6DB2B6F0DF000FEAF57 = {
			isa = PBXGroup;
			children = (
				12E4E6E62B6F0DF000FEAF57 /* TacticalExpense */,
				12E4E6F82B6F0DF100FEAF57 /* TacticalExpenseTests */,
				12E4E7022B6F0DF100FEAF57 /* TacticalExpenseUITests */,
				12E4E6E52B6F0DF000FEAF57 /* Products */,
			);
			sourceTree = "<group>";
		};
		12E4E6E52B6F0DF000FEAF57 /* Products */ = {
			isa = PBXGroup;
			children = (
				12E4E6E42B6F0DF000FEAF57 /* TacticalExpense.app */,
				12E4E6F52B6F0DF100FEAF57 /* TacticalExpenseTests.xctest */,
				12E4E6FF2B6F0DF100FEAF57 /* TacticalExpenseUITests.xctest */,
			);
			name = Products;
			sourceTree = "<group>";
		};
		12E4E6E62B6F0DF000FEAF57 /* TacticalExpense */ = {
			isa = PBXGroup;
			children = (
				12E4E7632B70571100FEAF57 /* SupportFiles */,
				12E4E7622B70570800FEAF57 /* Models */,
				12E4E76E2B706AE400FEAF57 /* Screens */,
				12E4E7612B7056FF00FEAF57 /* Views */,
				12E4E6EB2B6F0DF100FEAF57 /* Assets.xcassets */,
				12E4E6ED2B6F0DF100FEAF57 /* TacticalExpense.entitlements */,
				12E4E7772B7084EB00FEAF57 /* Previews */,
				12E4E6EE2B6F0DF100FEAF57 /* Preview Content */,
			);
			path = TacticalExpense;
			sourceTree = "<group>";
		};
		12E4E6EE2B6F0DF100FEAF57 /* Preview Content */ = {
			isa = PBXGroup;
			children = (
				12E4E6EF2B6F0DF100FEAF57 /* Preview Assets.xcassets */,
			);
			path = "Preview Content";
			sourceTree = "<group>";
		};
		12E4E6F82B6F0DF100FEAF57 /* TacticalExpenseTests */ = {
			isa = PBXGroup;
			children = (
				12E4E6F92B6F0DF100FEAF57 /* TacticalExpenseTests.swift */,
			);
			path = TacticalExpenseTests;
			sourceTree = "<group>";
		};
		12E4E7022B6F0DF100FEAF57 /* TacticalExpenseUITests */ = {
			isa = PBXGroup;
			children = (
				12E4E7032B6F0DF100FEAF57 /* TacticalExpenseUITests.swift */,
				12E4E7052B6F0DF100FEAF57 /* TacticalExpenseUITestsLaunchTests.swift */,
			);
			path = TacticalExpenseUITests;
			sourceTree = "<group>";
		};
		12E4E7612B7056FF00FEAF57 /* Views */ = {
			isa = PBXGroup;
			children = (
				12E4E7712B7074BD00FEAF57 /* TransactionListView.swift */,
				12E4E7732B70765300FEAF57 /* BudgetsStackView.swift */,
				12E4E77E2B708EBE00FEAF57 /* EditTransactionView.swift */,
			);
			path = Views;
			sourceTree = "<group>";
		};
		12E4E7622B70570800FEAF57 /* Models */ = {
			isa = PBXGroup;
			children = (
				12E4E6E72B6F0DF000FEAF57 /* TacticalExpenseApp.swift */,
				12E4E7642B70590500FEAF57 /* Color.swift */,
				12E4E7682B7059EB00FEAF57 /* Transaction.swift */,
				12E4E76A2B705C1B00FEAF57 /* Budget.swift */,
			);
			path = Models;
			sourceTree = "<group>";
		};
		12E4E7632B70571100FEAF57 /* SupportFiles */ = {
			isa = PBXGroup;
			children = (
				12E4E76C2B70692F00FEAF57 /* HapticsManager.swift */,
				12E4E77C2B708B2600FEAF57 /* View+Extension.swift */,
			);
			path = SupportFiles;
			sourceTree = "<group>";
		};
		12E4E76E2B706AE400FEAF57 /* Screens */ = {
			isa = PBXGroup;
			children = (
				12E4E6E92B6F0DF000FEAF57 /* TransactionScreen.swift */,
				12E4E76F2B70736700FEAF57 /* AddTransactionScreen.swift */,
			);
			path = Screens;
			sourceTree = "<group>";
		};
		12E4E7772B7084EB00FEAF57 /* Previews */ = {
			isa = PBXGroup;
			children = (
				12E4E7752B707F8A00FEAF57 /* TransactionSamples.swift */,
				12E4E7782B70851400FEAF57 /* PreviewContainer.swift */,
				12E4E77A2B70856500FEAF57 /* BudgetSamples.swift */,
			);
			path = Previews;
			sourceTree = "<group>";
		};
/* End PBXGroup section */

/* Begin PBXNativeTarget section */
		12E4E6E32B6F0DF000FEAF57 /* TacticalExpense */ = {
			isa = PBXNativeTarget;
			buildConfigurationList = 12E4E7092B6F0DF100FEAF57 /* Build configuration list for PBXNativeTarget "TacticalExpense" */;
			buildPhases = (
				12E4E6E02B6F0DF000FEAF57 /* Sources */,
				12E4E6E12B6F0DF000FEAF57 /* Frameworks */,
				12E4E6E22B6F0DF000FEAF57 /* Resources */,
			);
			buildRules = (
			);
			dependencies = (
			);
			name = TacticalExpense;
			productName = TacticalExpense;
			productReference = 12E4E6E42B6F0DF000FEAF57 /* TacticalExpense.app */;
			productType = "com.apple.product-type.application";
		};
		12E4E6F42B6F0DF100FEAF57 /* TacticalExpenseTests */ = {
			isa = PBXNativeTarget;
			buildConfigurationList = 12E4E70C2B6F0DF100FEAF57 /* Build configuration list for PBXNativeTarget "TacticalExpenseTests" */;
			buildPhases = (
				12E4E6F12B6F0DF100FEAF57 /* Sources */,
				12E4E6F22B6F0DF100FEAF57 /* Frameworks */,
				12E4E6F32B6F0DF100FEAF57 /* Resources */,
			);
			buildRules = (
			);
			dependencies = (
				12E4E6F72B6F0DF100FEAF57 /* PBXTargetDependency */,
			);
			name = TacticalExpenseTests;
			productName = TacticalExpenseTests;
			productReference = 12E4E6F52B6F0DF100FEAF57 /* TacticalExpenseTests.xctest */;
			productType = "com.apple.product-type.bundle.unit-test";
		};
		12E4E6FE2B6F0DF100FEAF57 /* TacticalExpenseUITests */ = {
			isa = PBXNativeTarget;
			buildConfigurationList = 12E4E70F2B6F0DF100FEAF57 /* Build configuration list for PBXNativeTarget "TacticalExpenseUITests" */;
			buildPhases = (
				12E4E6FB2B6F0DF100FEAF57 /* Sources */,
				12E4E6FC2B6F0DF100FEAF57 /* Frameworks */,
				12E4E6FD2B6F0DF100FEAF57 /* Resources */,
			);
			buildRules = (
			);
			dependencies = (
				12E4E7012B6F0DF100FEAF57 /* PBXTargetDependency */,
			);
			name = TacticalExpenseUITests;
			productName = TacticalExpenseUITests;
			productReference = 12E4E6FF2B6F0DF100FEAF57 /* TacticalExpenseUITests.xctest */;
			productType = "com.apple.product-type.bundle.ui-testing";
		};
/* End PBXNativeTarget section */

/* Begin PBXProject section */
		12E4E6DC2B6F0DF000FEAF57 /* Project object */ = {
			isa = PBXProject;
			attributes = {
				BuildIndependentTargetsInParallel = 1;
				LastSwiftUpdateCheck = 1520;
				LastUpgradeCheck = 1520;
				TargetAttributes = {
					12E4E6E32B6F0DF000FEAF57 = {
						CreatedOnToolsVersion = 15.2;
					};
					12E4E6F42B6F0DF100FEAF57 = {
						CreatedOnToolsVersion = 15.2;
						TestTargetID = 12E4E6E32B6F0DF000FEAF57;
					};
					12E4E6FE2B6F0DF100FEAF57 = {
						CreatedOnToolsVersion = 15.2;
						TestTargetID = 12E4E6E32B6F0DF000FEAF57;
					};
				};
			};
			buildConfigurationList = 12E4E6DF2B6F0DF000FEAF57 /* Build configuration list for PBXProject "TacticalExpense" */;
			compatibilityVersion = "Xcode 14.0";
			developmentRegion = en;
			hasScannedForEncodings = 0;
			knownRegions = (
				en,
				Base,
			);
			mainGroup = 12E4E6DB2B6F0DF000FEAF57;
			productRefGroup = 12E4E6E52B6F0DF000FEAF57 /* Products */;
			projectDirPath = "";
			projectRoot = "";
			targets = (
				12E4E6E32B6F0DF000FEAF57 /* TacticalExpense */,
				12E4E6F42B6F0DF100FEAF57 /* TacticalExpenseTests */,
				12E4E6FE2B6F0DF100FEAF57 /* TacticalExpenseUITests */,
			);
		};
/* End PBXProject section */

/* Begin PBXResourcesBuildPhase section */
		12E4E6E22B6F0DF000FEAF57 /* Resources */ = {
			isa = PBXResourcesBuildPhase;
			buildActionMask = 2147483647;
			files = (
				12E4E6F02B6F0DF100FEAF57 /* Preview Assets.xcassets in Resources */,
				12E4E6EC2B6F0DF100FEAF57 /* Assets.xcassets in Resources */,
			);
			runOnlyForDeploymentPostprocessing = 0;
		};
		12E4E6F32B6F0DF100FEAF57 /* Resources */ = {
			isa = PBXResourcesBuildPhase;
			buildActionMask = 2147483647;
			files = (
			);
			runOnlyForDeploymentPostprocessing = 0;
		};
		12E4E6FD2B6F0DF100FEAF57 /* Resources */ = {
			isa = PBXResourcesBuildPhase;
			buildActionMask = 2147483647;
			files = (
			);
			runOnlyForDeploymentPostprocessing = 0;
		};
/* End PBXResourcesBuildPhase section */

/* Begin PBXSourcesBuildPhase section */
		12E4E6E02B6F0DF000FEAF57 /* Sources */ = {
			isa = PBXSourcesBuildPhase;
			buildActionMask = 2147483647;
			files = (
				12E4E7792B70851400FEAF57 /* PreviewContainer.swift in Sources */,
				12E4E7652B70590500FEAF57 /* Color.swift in Sources */,
				12E4E77B2B70856500FEAF57 /* BudgetSamples.swift in Sources */,
				12E4E7722B7074BD00FEAF57 /* TransactionListView.swift in Sources */,
				12E4E7762B707F8A00FEAF57 /* TransactionSamples.swift in Sources */,
				12E4E6EA2B6F0DF000FEAF57 /* TransactionScreen.swift in Sources */,
				12E4E76D2B70692F00FEAF57 /* HapticsManager.swift in Sources */,
				12E4E7742B70765300FEAF57 /* BudgetsStackView.swift in Sources */,
				12E4E76B2B705C1B00FEAF57 /* Budget.swift in Sources */,
				12E4E77F2B708EBE00FEAF57 /* EditTransactionView.swift in Sources */,
				12E4E6E82B6F0DF000FEAF57 /* TacticalExpenseApp.swift in Sources */,
				12E4E77D2B708B2600FEAF57 /* View+Extension.swift in Sources */,
				12E4E7692B7059EB00FEAF57 /* Transaction.swift in Sources */,
				12E4E7702B70736700FEAF57 /* AddTransactionScreen.swift in Sources */,
			);
			runOnlyForDeploymentPostprocessing = 0;
		};
		12E4E6F12B6F0DF100FEAF57 /* Sources */ = {
			isa = PBXSourcesBuildPhase;
			buildActionMask = 2147483647;
			files = (
				12E4E6FA2B6F0DF100FEAF57 /* TacticalExpenseTests.swift in Sources */,
			);
			runOnlyForDeploymentPostprocessing = 0;
		};
		12E4E6FB2B6F0DF100FEAF57 /* Sources */ = {
			isa = PBXSourcesBuildPhase;
			buildActionMask = 2147483647;
			files = (
				12E4E7062B6F0DF100FEAF57 /* TacticalExpenseUITestsLaunchTests.swift in Sources */,
				12E4E7042B6F0DF100FEAF57 /* TacticalExpenseUITests.swift in Sources */,
			);
			runOnlyForDeploymentPostprocessing = 0;
		};
/* End PBXSourcesBuildPhase section */

/* Begin PBXTargetDependency section */
		12E4E6F72B6F0DF100FEAF57 /* PBXTargetDependency */ = {
			isa = PBXTargetDependency;
			target = 12E4E6E32B6F0DF000FEAF57 /* TacticalExpense */;
			targetProxy = 12E4E6F62B6F0DF100FEAF57 /* PBXContainerItemProxy */;
		};
		12E4E7012B6F0DF100FEAF57 /* PBXTargetDependency */ = {
			isa = PBXTargetDependency;
			target = 12E4E6E32B6F0DF000FEAF57 /* TacticalExpense */;
			targetProxy = 12E4E7002B6F0DF100FEAF57 /* PBXContainerItemProxy */;
		};
/* End PBXTargetDependency section */

/* Begin XCBuildConfiguration section */
		12E4E7072B6F0DF100FEAF57 /* Debug */ = {
			isa = XCBuildConfiguration;
			buildSettings = {
				ALWAYS_SEARCH_USER_PATHS = NO;
				ASSETCATALOG_COMPILER_GENERATE_SWIFT_ASSET_SYMBOL_EXTENSIONS = YES;
				CLANG_ANALYZER_NONNULL = YES;
				CLANG_ANALYZER_NUMBER_OBJECT_CONVERSION = YES_AGGRESSIVE;
				CLANG_CXX_LANGUAGE_STANDARD = "gnu++20";
				CLANG_ENABLE_MODULES = YES;
				CLANG_ENABLE_OBJC_ARC = YES;
				CLANG_ENABLE_OBJC_WEAK = YES;
				CLANG_WARN_BLOCK_CAPTURE_AUTORELEASING = YES;
				CLANG_WARN_BOOL_CONVERSION = YES;
				CLANG_WARN_COMMA = YES;
				CLANG_WARN_CONSTANT_CONVERSION = YES;
				CLANG_WARN_DEPRECATED_OBJC_IMPLEMENTATIONS = YES;
				CLANG_WARN_DIRECT_OBJC_ISA_USAGE = YES_ERROR;
				CLANG_WARN_DOCUMENTATION_COMMENTS = YES;
				CLANG_WARN_EMPTY_BODY = YES;
				CLANG_WARN_ENUM_CONVERSION = YES;
				CLANG_WARN_INFINITE_RECURSION = YES;
				CLANG_WARN_INT_CONVERSION = YES;
				CLANG_WARN_NON_LITERAL_NULL_CONVERSION = YES;
				CLANG_WARN_OBJC_IMPLICIT_RETAIN_SELF = YES;
				CLANG_WARN_OBJC_LITERAL_CONVERSION = YES;
				CLANG_WARN_OBJC_ROOT_CLASS = YES_ERROR;
				CLANG_WARN_QUOTED_INCLUDE_IN_FRAMEWORK_HEADER = YES;
				CLANG_WARN_RANGE_LOOP_ANALYSIS = YES;
				CLANG_WARN_STRICT_PROTOTYPES = YES;
				CLANG_WARN_SUSPICIOUS_MOVE = YES;
				CLANG_WARN_UNGUARDED_AVAILABILITY = YES_AGGRESSIVE;
				CLANG_WARN_UNREACHABLE_CODE = YES;
				CLANG_WARN__DUPLICATE_METHOD_MATCH = YES;
				COPY_PHASE_STRIP = NO;
				DEBUG_INFORMATION_FORMAT = dwarf;
				ENABLE_STRICT_OBJC_MSGSEND = YES;
				ENABLE_TESTABILITY = YES;
				ENABLE_USER_SCRIPT_SANDBOXING = YES;
				GCC_C_LANGUAGE_STANDARD = gnu17;
				GCC_DYNAMIC_NO_PIC = NO;
				GCC_NO_COMMON_BLOCKS = YES;
				GCC_OPTIMIZATION_LEVEL = 0;
				GCC_PREPROCESSOR_DEFINITIONS = (
					"DEBUG=1",
					"$(inherited)",
				);
				GCC_WARN_64_TO_32_BIT_CONVERSION = YES;
				GCC_WARN_ABOUT_RETURN_TYPE = YES_ERROR;
				GCC_WARN_UNDECLARED_SELECTOR = YES;
				GCC_WARN_UNINITIALIZED_AUTOS = YES_AGGRESSIVE;
				GCC_WARN_UNUSED_FUNCTION = YES;
				GCC_WARN_UNUSED_VARIABLE = YES;
				LOCALIZATION_PREFERS_STRING_CATALOGS = YES;
				MTL_ENABLE_DEBUG_INFO = INCLUDE_SOURCE;
				MTL_FAST_MATH = YES;
				ONLY_ACTIVE_ARCH = YES;
				SWIFT_ACTIVE_COMPILATION_CONDITIONS = "DEBUG $(inherited)";
				SWIFT_OPTIMIZATION_LEVEL = "-Onone";
			};
			name = Debug;
		};
		12E4E7082B6F0DF100FEAF57 /* Release */ = {
			isa = XCBuildConfiguration;
			buildSettings = {
				ALWAYS_SEARCH_USER_PATHS = NO;
				ASSETCATALOG_COMPILER_GENERATE_SWIFT_ASSET_SYMBOL_EXTENSIONS = YES;
				CLANG_ANALYZER_NONNULL = YES;
				CLANG_ANALYZER_NUMBER_OBJECT_CONVERSION = YES_AGGRESSIVE;
				CLANG_CXX_LANGUAGE_STANDARD = "gnu++20";
				CLANG_ENABLE_MODULES = YES;
				CLANG_ENABLE_OBJC_ARC = YES;
				CLANG_ENABLE_OBJC_WEAK = YES;
				CLANG_WARN_BLOCK_CAPTURE_AUTORELEASING = YES;
				CLANG_WARN_BOOL_CONVERSION = YES;
				CLANG_WARN_COMMA = YES;
				CLANG_WARN_CONSTANT_CONVERSION = YES;
				CLANG_WARN_DEPRECATED_OBJC_IMPLEMENTATIONS = YES;
				CLANG_WARN_DIRECT_OBJC_ISA_USAGE = YES_ERROR;
				CLANG_WARN_DOCUMENTATION_COMMENTS = YES;
				CLANG_WARN_EMPTY_BODY = YES;
				CLANG_WARN_ENUM_CONVERSION = YES;
				CLANG_WARN_INFINITE_RECURSION = YES;
				CLANG_WARN_INT_CONVERSION = YES;
				CLANG_WARN_NON_LITERAL_NULL_CONVERSION = YES;
				CLANG_WARN_OBJC_IMPLICIT_RETAIN_SELF = YES;
				CLANG_WARN_OBJC_LITERAL_CONVERSION = YES;
				CLANG_WARN_OBJC_ROOT_CLASS = YES_ERROR;
				CLANG_WARN_QUOTED_INCLUDE_IN_FRAMEWORK_HEADER = YES;
				CLANG_WARN_RANGE_LOOP_ANALYSIS = YES;
				CLANG_WARN_STRICT_PROTOTYPES = YES;
				CLANG_WARN_SUSPICIOUS_MOVE = YES;
				CLANG_WARN_UNGUARDED_AVAILABILITY = YES_AGGRESSIVE;
				CLANG_WARN_UNREACHABLE_CODE = YES;
				CLANG_WARN__DUPLICATE_METHOD_MATCH = YES;
				COPY_PHASE_STRIP = NO;
				DEBUG_INFORMATION_FORMAT = "dwarf-with-dsym";
				ENABLE_NS_ASSERTIONS = NO;
				ENABLE_STRICT_OBJC_MSGSEND = YES;
				ENABLE_USER_SCRIPT_SANDBOXING = YES;
				GCC_C_LANGUAGE_STANDARD = gnu17;
				GCC_NO_COMMON_BLOCKS = YES;
				GCC_WARN_64_TO_32_BIT_CONVERSION = YES;
				GCC_WARN_ABOUT_RETURN_TYPE = YES_ERROR;
				GCC_WARN_UNDECLARED_SELECTOR = YES;
				GCC_WARN_UNINITIALIZED_AUTOS = YES_AGGRESSIVE;
				GCC_WARN_UNUSED_FUNCTION = YES;
				GCC_WARN_UNUSED_VARIABLE = YES;
				LOCALIZATION_PREFERS_STRING_CATALOGS = YES;
				MTL_ENABLE_DEBUG_INFO = NO;
				MTL_FAST_MATH = YES;
				SWIFT_COMPILATION_MODE = wholemodule;
			};
			name = Release;
		};
		12E4E70A2B6F0DF100FEAF57 /* Debug */ = {
			isa = XCBuildConfiguration;
			buildSettings = {
				ASSETCATALOG_COMPILER_APPICON_NAME = AppIcon;
				ASSETCATALOG_COMPILER_GLOBAL_ACCENT_COLOR_NAME = AccentColor;
				CODE_SIGN_ENTITLEMENTS = TacticalExpense/TacticalExpense.entitlements;
				CODE_SIGN_STYLE = Automatic;
				CURRENT_PROJECT_VERSION = 1;
				DEVELOPMENT_ASSET_PATHS = "\"TacticalExpense/Preview Content\"";
				DEVELOPMENT_TEAM = 8QQYNTY523;
				ENABLE_HARDENED_RUNTIME = YES;
				ENABLE_PREVIEWS = YES;
				GENERATE_INFOPLIST_FILE = YES;
				"INFOPLIST_KEY_UIApplicationSceneManifest_Generation[sdk=iphoneos*]" = YES;
				"INFOPLIST_KEY_UIApplicationSceneManifest_Generation[sdk=iphonesimulator*]" = YES;
				"INFOPLIST_KEY_UIApplicationSupportsIndirectInputEvents[sdk=iphoneos*]" = YES;
				"INFOPLIST_KEY_UIApplicationSupportsIndirectInputEvents[sdk=iphonesimulator*]" = YES;
				"INFOPLIST_KEY_UILaunchScreen_Generation[sdk=iphoneos*]" = YES;
				"INFOPLIST_KEY_UILaunchScreen_Generation[sdk=iphonesimulator*]" = YES;
				"INFOPLIST_KEY_UIStatusBarStyle[sdk=iphoneos*]" = UIStatusBarStyleDefault;
				"INFOPLIST_KEY_UIStatusBarStyle[sdk=iphonesimulator*]" = UIStatusBarStyleDefault;
				INFOPLIST_KEY_UISupportedInterfaceOrientations_iPad = "UIInterfaceOrientationPortrait UIInterfaceOrientationPortraitUpsideDown UIInterfaceOrientationLandscapeLeft UIInterfaceOrientationLandscapeRight";
				INFOPLIST_KEY_UISupportedInterfaceOrientations_iPhone = "UIInterfaceOrientationPortrait UIInterfaceOrientationLandscapeLeft UIInterfaceOrientationLandscapeRight";
				IPHONEOS_DEPLOYMENT_TARGET = 17.2;
				LD_RUNPATH_SEARCH_PATHS = "@executable_path/Frameworks";
				"LD_RUNPATH_SEARCH_PATHS[sdk=macosx*]" = "@executable_path/../Frameworks";
				MACOSX_DEPLOYMENT_TARGET = 14.2;
				MARKETING_VERSION = 1.0;
				PRODUCT_BUNDLE_IDENTIFIER = com.weldtactics.TacticalExpense;
				PRODUCT_NAME = "$(TARGET_NAME)";
				SDKROOT = auto;
				SUPPORTED_PLATFORMS = "iphoneos iphonesimulator macosx";
				SWIFT_EMIT_LOC_STRINGS = YES;
				SWIFT_VERSION = 5.0;
				TARGETED_DEVICE_FAMILY = "1,2";
			};
			name = Debug;
		};
		12E4E70B2B6F0DF100FEAF57 /* Release */ = {
			isa = XCBuildConfiguration;
			buildSettings = {
				ASSETCATALOG_COMPILER_APPICON_NAME = AppIcon;
				ASSETCATALOG_COMPILER_GLOBAL_ACCENT_COLOR_NAME = AccentColor;
				CODE_SIGN_ENTITLEMENTS = TacticalExpense/TacticalExpense.entitlements;
				CODE_SIGN_STYLE = Automatic;
				CURRENT_PROJECT_VERSION = 1;
				DEVELOPMENT_ASSET_PATHS = "\"TacticalExpense/Preview Content\"";
				DEVELOPMENT_TEAM = 8QQYNTY523;
				ENABLE_HARDENED_RUNTIME = YES;
				ENABLE_PREVIEWS = YES;
				GENERATE_INFOPLIST_FILE = YES;
				"INFOPLIST_KEY_UIApplicationSceneManifest_Generation[sdk=iphoneos*]" = YES;
				"INFOPLIST_KEY_UIApplicationSceneManifest_Generation[sdk=iphonesimulator*]" = YES;
				"INFOPLIST_KEY_UIApplicationSupportsIndirectInputEvents[sdk=iphoneos*]" = YES;
				"INFOPLIST_KEY_UIApplicationSupportsIndirectInputEvents[sdk=iphonesimulator*]" = YES;
				"INFOPLIST_KEY_UILaunchScreen_Generation[sdk=iphoneos*]" = YES;
				"INFOPLIST_KEY_UILaunchScreen_Generation[sdk=iphonesimulator*]" = YES;
				"INFOPLIST_KEY_UIStatusBarStyle[sdk=iphoneos*]" = UIStatusBarStyleDefault;
				"INFOPLIST_KEY_UIStatusBarStyle[sdk=iphonesimulator*]" = UIStatusBarStyleDefault;
				INFOPLIST_KEY_UISupportedInterfaceOrientations_iPad = "UIInterfaceOrientationPortrait UIInterfaceOrientationPortraitUpsideDown UIInterfaceOrientationLandscapeLeft UIInterfaceOrientationLandscapeRight";
				INFOPLIST_KEY_UISupportedInterfaceOrientations_iPhone = "UIInterfaceOrientationPortrait UIInterfaceOrientationLandscapeLeft UIInterfaceOrientationLandscapeRight";
				IPHONEOS_DEPLOYMENT_TARGET = 17.2;
				LD_RUNPATH_SEARCH_PATHS = "@executable_path/Frameworks";
				"LD_RUNPATH_SEARCH_PATHS[sdk=macosx*]" = "@executable_path/../Frameworks";
				MACOSX_DEPLOYMENT_TARGET = 14.2;
				MARKETING_VERSION = 1.0;
				PRODUCT_BUNDLE_IDENTIFIER = com.weldtactics.TacticalExpense;
				PRODUCT_NAME = "$(TARGET_NAME)";
				SDKROOT = auto;
				SUPPORTED_PLATFORMS = "iphoneos iphonesimulator macosx";
				SWIFT_EMIT_LOC_STRINGS = YES;
				SWIFT_VERSION = 5.0;
				TARGETED_DEVICE_FAMILY = "1,2";
			};
			name = Release;
		};
		12E4E70D2B6F0DF100FEAF57 /* Debug */ = {
			isa = XCBuildConfiguration;
			buildSettings = {
				ALWAYS_EMBED_SWIFT_STANDARD_LIBRARIES = YES;
				BUNDLE_LOADER = "$(TEST_HOST)";
				CODE_SIGN_STYLE = Automatic;
				CURRENT_PROJECT_VERSION = 1;
				DEVELOPMENT_TEAM = 8QQYNTY523;
				GENERATE_INFOPLIST_FILE = YES;
				IPHONEOS_DEPLOYMENT_TARGET = 17.2;
				MACOSX_DEPLOYMENT_TARGET = 14.2;
				MARKETING_VERSION = 1.0;
				PRODUCT_BUNDLE_IDENTIFIER = com.weldtactics.TacticalExpenseTests;
				PRODUCT_NAME = "$(TARGET_NAME)";
				SDKROOT = auto;
				SUPPORTED_PLATFORMS = "iphoneos iphonesimulator macosx";
				SWIFT_EMIT_LOC_STRINGS = NO;
				SWIFT_VERSION = 5.0;
				TARGETED_DEVICE_FAMILY = "1,2";
				TEST_HOST = "$(BUILT_PRODUCTS_DIR)/TacticalExpense.app/$(BUNDLE_EXECUTABLE_FOLDER_PATH)/TacticalExpense";
			};
			name = Debug;
		};
		12E4E70E2B6F0DF100FEAF57 /* Release */ = {
			isa = XCBuildConfiguration;
			buildSettings = {
				ALWAYS_EMBED_SWIFT_STANDARD_LIBRARIES = YES;
				BUNDLE_LOADER = "$(TEST_HOST)";
				CODE_SIGN_STYLE = Automatic;
				CURRENT_PROJECT_VERSION = 1;
				DEVELOPMENT_TEAM = 8QQYNTY523;
				GENERATE_INFOPLIST_FILE = YES;
				IPHONEOS_DEPLOYMENT_TARGET = 17.2;
				MACOSX_DEPLOYMENT_TARGET = 14.2;
				MARKETING_VERSION = 1.0;
				PRODUCT_BUNDLE_IDENTIFIER = com.weldtactics.TacticalExpenseTests;
				PRODUCT_NAME = "$(TARGET_NAME)";
				SDKROOT = auto;
				SUPPORTED_PLATFORMS = "iphoneos iphonesimulator macosx";
				SWIFT_EMIT_LOC_STRINGS = NO;
				SWIFT_VERSION = 5.0;
				TARGETED_DEVICE_FAMILY = "1,2";
				TEST_HOST = "$(BUILT_PRODUCTS_DIR)/TacticalExpense.app/$(BUNDLE_EXECUTABLE_FOLDER_PATH)/TacticalExpense";
			};
			name = Release;
		};
		12E4E7102B6F0DF100FEAF57 /* Debug */ = {
			isa = XCBuildConfiguration;
			buildSettings = {
				ALWAYS_EMBED_SWIFT_STANDARD_LIBRARIES = YES;
				CODE_SIGN_STYLE = Automatic;
				CURRENT_PROJECT_VERSION = 1;
				DEVELOPMENT_TEAM = 8QQYNTY523;
				GENERATE_INFOPLIST_FILE = YES;
				IPHONEOS_DEPLOYMENT_TARGET = 17.2;
				MACOSX_DEPLOYMENT_TARGET = 14.2;
				MARKETING_VERSION = 1.0;
				PRODUCT_BUNDLE_IDENTIFIER = com.weldtactics.TacticalExpenseUITests;
				PRODUCT_NAME = "$(TARGET_NAME)";
				SDKROOT = auto;
				SUPPORTED_PLATFORMS = "iphoneos iphonesimulator macosx";
				SWIFT_EMIT_LOC_STRINGS = NO;
				SWIFT_VERSION = 5.0;
				TARGETED_DEVICE_FAMILY = "1,2";
				TEST_TARGET_NAME = TacticalExpense;
			};
			name = Debug;
		};
		12E4E7112B6F0DF100FEAF57 /* Release */ = {
			isa = XCBuildConfiguration;
			buildSettings = {
				ALWAYS_EMBED_SWIFT_STANDARD_LIBRARIES = YES;
				CODE_SIGN_STYLE = Automatic;
				CURRENT_PROJECT_VERSION = 1;
				DEVELOPMENT_TEAM = 8QQYNTY523;
				GENERATE_INFOPLIST_FILE = YES;
				IPHONEOS_DEPLOYMENT_TARGET = 17.2;
				MACOSX_DEPLOYMENT_TARGET = 14.2;
				MARKETING_VERSION = 1.0;
				PRODUCT_BUNDLE_IDENTIFIER = com.weldtactics.TacticalExpenseUITests;
				PRODUCT_NAME = "$(TARGET_NAME)";
				SDKROOT = auto;
				SUPPORTED_PLATFORMS = "iphoneos iphonesimulator macosx";
				SWIFT_EMIT_LOC_STRINGS = NO;
				SWIFT_VERSION = 5.0;
				TARGETED_DEVICE_FAMILY = "1,2";
				TEST_TARGET_NAME = TacticalExpense;
			};
			name = Release;
		};
/* End XCBuildConfiguration section */

/* Begin XCConfigurationList section */
		12E4E6DF2B6F0DF000FEAF57 /* Build configuration list for PBXProject "TacticalExpense" */ = {
			isa = XCConfigurationList;
			buildConfigurations = (
				12E4E7072B6F0DF100FEAF57 /* Debug */,
				12E4E7082B6F0DF100FEAF57 /* Release */,
			);
			defaultConfigurationIsVisible = 0;
			defaultConfigurationName = Release;
		};
		12E4E7092B6F0DF100FEAF57 /* Build configuration list for PBXNativeTarget "TacticalExpense" */ = {
			isa = XCConfigurationList;
			buildConfigurations = (
				12E4E70A2B6F0DF100FEAF57 /* Debug */,
				12E4E70B2B6F0DF100FEAF57 /* Release */,
			);
			defaultConfigurationIsVisible = 0;
			defaultConfigurationName = Release;
		};
		12E4E70C2B6F0DF100FEAF57 /* Build configuration list for PBXNativeTarget "TacticalExpenseTests" */ = {
			isa = XCConfigurationList;
			buildConfigurations = (
				12E4E70D2B6F0DF100FEAF57 /* Debug */,
				12E4E70E2B6F0DF100FEAF57 /* Release */,
			);
			defaultConfigurationIsVisible = 0;
			defaultConfigurationName = Release;
		};
		12E4E70F2B6F0DF100FEAF57 /* Build configuration list for PBXNativeTarget "TacticalExpenseUITests" */ = {
			isa = XCConfigurationList;
			buildConfigurations = (
				12E4E7102B6F0DF100FEAF57 /* Debug */,
				12E4E7112B6F0DF100FEAF57 /* Release */,
			);
			defaultConfigurationIsVisible = 0;
			defaultConfigurationName = Release;
		};
/* End XCConfigurationList section */
	};
	rootObject = 12E4E6DC2B6F0DF000FEAF57 /* Project object */;
}
